
Microsoft Visual Studio Solution File, Format Version 12.00
# Visual Studio 15
VisualStudioVersion = 15.0.27703.2035
MinimumVisualStudioVersion = 10.0.40219.1
Project("{FAE04EC0-301F-11D3-BF4B-00C04F79EFBC}") = "UserDetails", "UserDetails\UserDetails.csproj", "{E5DB418D-3678-4CFA-8C8D-8537F4DA8A07}"
EndProject
Global
	GlobalSection(SolutionConfigurationPlatforms) = preSolution
		Debug|Any CPU = Debug|Any CPU
		Release|Any CPU = Release|Any CPU
	EndGlobalSection
	GlobalSection(ProjectConfigurationPlatforms) = postSolution
		{E5DB418D-3678-4CFA-8C8D-8537F4DA8A07}.Debug|Any CPU.ActiveCfg = Debug|Any CPU
		{E5DB418D-3678-4CFA-8C8D-8537F4DA8A07}.Debug|Any CPU.Build.0 = Debug|Any CPU
		{E5DB418D-3678-4CFA-8C8D-8537F4DA8A07}.Release|Any CPU.ActiveCfg = Release|Any CPU
		{E5DB418D-3678-4CFA-8C8D-8537F4DA8A07}.Release|Any CPU.Build.0 = Release|Any CPU
	EndGlobalSection
	GlobalSection(SolutionProperties) = preSolution
		HideSolutionNode = FALSE
	EndGlobalSection
	GlobalSection(ExtensibilityGlobals) = postSolution
		SolutionGuid = {D932A715-1387-49DD-928D-9B8872FF6D76}
	EndGlobalSection
EndGlobal
